// !$*UTF8*$!
{
	archiveVersion = 1;
	classes = {
	};
	objectVersion = 48;
	objects = {

/* Begin PBXBuildFile section */
		444E7B7D202C0861005131A6 /* PhotoDetailsViewController.swift in Sources */ = {isa = PBXBuildFile; fileRef = 444E7B7C202C0861005131A6 /* PhotoDetailsViewController.swift */; };
		8792E9DE5E9B6B4553B5B821 /* Pods_TumblrTests.framework in Frameworks */ = {isa = PBXBuildFile; fileRef = 31FA20CC082A5CC25530A423 /* Pods_TumblrTests.framework */; };
		AB5CE01D2013A0A950ABE11B /* Pods_Tumblr.framework in Frameworks */ = {isa = PBXBuildFile; fileRef = 8B802C6B4C639AE5496168E4 /* Pods_Tumblr.framework */; };
		B86B4478AED6CD910587DB70 /* Pods_TumblrUITests.framework in Frameworks */ = {isa = PBXBuildFile; fileRef = 2C6C6AD08971E769CEF05DA9 /* Pods_TumblrUITests.framework */; };
		FF5867C32022CB0600847527 /* AppDelegate.swift in Sources */ = {isa = PBXBuildFile; fileRef = FF5867C22022CB0600847527 /* AppDelegate.swift */; };
		FF5867C82022CB0600847527 /* Main.storyboard in Resources */ = {isa = PBXBuildFile; fileRef = FF5867C62022CB0600847527 /* Main.storyboard */; };
		FF5867CA2022CB0600847527 /* Assets.xcassets in Resources */ = {isa = PBXBuildFile; fileRef = FF5867C92022CB0600847527 /* Assets.xcassets */; };
		FF5867CD2022CB0600847527 /* LaunchScreen.storyboard in Resources */ = {isa = PBXBuildFile; fileRef = FF5867CB2022CB0600847527 /* LaunchScreen.storyboard */; };
		FF5867D82022CB0600847527 /* TumblrTests.swift in Sources */ = {isa = PBXBuildFile; fileRef = FF5867D72022CB0600847527 /* TumblrTests.swift */; };
		FF5867E32022CB0700847527 /* TumblrUITests.swift in Sources */ = {isa = PBXBuildFile; fileRef = FF5867E22022CB0700847527 /* TumblrUITests.swift */; };
		FF5867F32022CC8800847527 /* PhotosViewController.swift in Sources */ = {isa = PBXBuildFile; fileRef = FF5867F22022CC8800847527 /* PhotosViewController.swift */; };
		FF5867F52022D14600847527 /* PhotoCell.swift in Sources */ = {isa = PBXBuildFile; fileRef = FF5867F42022D14600847527 /* PhotoCell.swift */; };
/* End PBXBuildFile section */

/* Begin PBXContainerItemProxy section */
		FF5867D42022CB0600847527 /* PBXContainerItemProxy */ = {
			isa = PBXContainerItemProxy;
			containerPortal = FF5867B72022CB0600847527 /* Project object */;
			proxyType = 1;
			remoteGlobalIDString = FF5867BE2022CB0600847527;
			remoteInfo = Tumblr;
		};
		FF5867DF2022CB0700847527 /* PBXContainerItemProxy */ = {
			isa = PBXContainerItemProxy;
			containerPortal = FF5867B72022CB0600847527 /* Project object */;
			proxyType = 1;
			remoteGlobalIDString = FF5867BE2022CB0600847527;
			remoteInfo = Tumblr;
		};
/* End PBXContainerItemProxy section */

/* Begin PBXFileReference section */
		2C6C6AD08971E769CEF05DA9 /* Pods_TumblrUITests.framework */ = {isa = PBXFileReference; explicitFileType = wrapper.framework; includeInIndex = 0; path = Pods_TumblrUITests.framework; sourceTree = BUILT_PRODUCTS_DIR; };
		31FA20CC082A5CC25530A423 /* Pods_TumblrTests.framework */ = {isa = PBXFileReference; explicitFileType = wrapper.framework; includeInIndex = 0; path = Pods_TumblrTests.framework; sourceTree = BUILT_PRODUCTS_DIR; };
		3BDEC493746FD436E15C5588 /* Pods-Tumblr.debug.xcconfig */ = {isa = PBXFileReference; includeInIndex = 1; lastKnownFileType = text.xcconfig; name = "Pods-Tumblr.debug.xcconfig"; path = "Pods/Target Support Files/Pods-Tumblr/Pods-Tumblr.debug.xcconfig"; sourceTree = "<group>"; };
		444E7B7C202C0861005131A6 /* PhotoDetailsViewController.swift */ = {isa = PBXFileReference; lastKnownFileType = sourcecode.swift; path = PhotoDetailsViewController.swift; sourceTree = "<group>"; };
		47C385ECA50FAC5B0880D90F /* Pods-TumblrUITests.release.xcconfig */ = {isa = PBXFileReference; includeInIndex = 1; lastKnownFileType = text.xcconfig; name = "Pods-TumblrUITests.release.xcconfig"; path = "Pods/Target Support Files/Pods-TumblrUITests/Pods-TumblrUITests.release.xcconfig"; sourceTree = "<group>"; };
		4D67195EAEA8C9B33FA57A28 /* Pods-Tumblr.release.xcconfig */ = {isa = PBXFileReference; includeInIndex = 1; lastKnownFileType = text.xcconfig; name = "Pods-Tumblr.release.xcconfig"; path = "Pods/Target Support Files/Pods-Tumblr/Pods-Tumblr.release.xcconfig"; sourceTree = "<group>"; };
		8B802C6B4C639AE5496168E4 /* Pods_Tumblr.framework */ = {isa = PBXFileReference; explicitFileType = wrapper.framework; includeInIndex = 0; path = Pods_Tumblr.framework; sourceTree = BUILT_PRODUCTS_DIR; };
		C3146B8F3C8D224673273D23 /* Pods-TumblrTests.release.xcconfig */ = {isa = PBXFileReference; includeInIndex = 1; lastKnownFileType = text.xcconfig; name = "Pods-TumblrTests.release.xcconfig"; path = "Pods/Target Support Files/Pods-TumblrTests/Pods-TumblrTests.release.xcconfig"; sourceTree = "<group>"; };
		CE3D798EC20184FB7FB501F2 /* Pods-TumblrUITests.debug.xcconfig */ = {isa = PBXFileReference; includeInIndex = 1; lastKnownFileType = text.xcconfig; name = "Pods-TumblrUITests.debug.xcconfig"; path = "Pods/Target Support Files/Pods-TumblrUITests/Pods-TumblrUITests.debug.xcconfig"; sourceTree = "<group>"; };
		FABD6A6A60871C9A8A782DEE /* Pods-TumblrTests.debug.xcconfig */ = {isa = PBXFileReference; includeInIndex = 1; lastKnownFileType = text.xcconfig; name = "Pods-TumblrTests.debug.xcconfig"; path = "Pods/Target Support Files/Pods-TumblrTests/Pods-TumblrTests.debug.xcconfig"; sourceTree = "<group>"; };
		FF5867BF2022CB0600847527 /* Tumblr.app */ = {isa = PBXFileReference; explicitFileType = wrapper.application; includeInIndex = 0; path = Tumblr.app; sourceTree = BUILT_PRODUCTS_DIR; };
		FF5867C22022CB0600847527 /* AppDelegate.swift */ = {isa = PBXFileReference; lastKnownFileType = sourcecode.swift; path = AppDelegate.swift; sourceTree = "<group>"; };
		FF5867C72022CB0600847527 /* Base */ = {isa = PBXFileReference; lastKnownFileType = file.storyboard; name = Base; path = Base.lproj/Main.storyboard; sourceTree = "<group>"; };
		FF5867C92022CB0600847527 /* Assets.xcassets */ = {isa = PBXFileReference; lastKnownFileType = folder.assetcatalog; path = Assets.xcassets; sourceTree = "<group>"; };
		FF5867CC2022CB0600847527 /* Base */ = {isa = PBXFileReference; lastKnownFileType = file.storyboard; name = Base; path = Base.lproj/LaunchScreen.storyboard; sourceTree = "<group>"; };
		FF5867CE2022CB0600847527 /* Info.plist */ = {isa = PBXFileReference; lastKnownFileType = text.plist.xml; path = Info.plist; sourceTree = "<group>"; };
		FF5867D32022CB0600847527 /* TumblrTests.xctest */ = {isa = PBXFileReference; explicitFileType = wrapper.cfbundle; includeInIndex = 0; path = TumblrTests.xctest; sourceTree = BUILT_PRODUCTS_DIR; };
		FF5867D72022CB0600847527 /* TumblrTests.swift */ = {isa = PBXFileReference; lastKnownFileType = sourcecode.swift; path = TumblrTests.swift; sourceTree = "<group>"; };
		FF5867D92022CB0600847527 /* Info.plist */ = {isa = PBXFileReference; lastKnownFileType = text.plist.xml; path = Info.plist; sourceTree = "<group>"; };
		FF5867DE2022CB0700847527 /* TumblrUITests.xctest */ = {isa = PBXFileReference; explicitFileType = wrapper.cfbundle; includeInIndex = 0; path = TumblrUITests.xctest; sourceTree = BUILT_PRODUCTS_DIR; };
		FF5867E22022CB0700847527 /* TumblrUITests.swift */ = {isa = PBXFileReference; lastKnownFileType = sourcecode.swift; path = TumblrUITests.swift; sourceTree = "<group>"; };
		FF5867E42022CB0700847527 /* Info.plist */ = {isa = PBXFileReference; lastKnownFileType = text.plist.xml; path = Info.plist; sourceTree = "<group>"; };
		FF5867F22022CC8800847527 /* PhotosViewController.swift */ = {isa = PBXFileReference; lastKnownFileType = sourcecode.swift; path = PhotosViewController.swift; sourceTree = "<group>"; };
		FF5867F42022D14600847527 /* PhotoCell.swift */ = {isa = PBXFileReference; lastKnownFileType = sourcecode.swift; path = PhotoCell.swift; sourceTree = "<group>"; };
/* End PBXFileReference section */

/* Begin PBXFrameworksBuildPhase section */
		FF5867BC2022CB0600847527 /* Frameworks */ = {
			isa = PBXFrameworksBuildPhase;
			buildActionMask = 2147483647;
			files = (
				AB5CE01D2013A0A950ABE11B /* Pods_Tumblr.framework in Frameworks */,
			);
			runOnlyForDeploymentPostprocessing = 0;
		};
		FF5867D02022CB0600847527 /* Frameworks */ = {
			isa = PBXFrameworksBuildPhase;
			buildActionMask = 2147483647;
			files = (
				8792E9DE5E9B6B4553B5B821 /* Pods_TumblrTests.framework in Frameworks */,
			);
			runOnlyForDeploymentPostprocessing = 0;
		};
		FF5867DB2022CB0700847527 /* Frameworks */ = {
			isa = PBXFrameworksBuildPhase;
			buildActionMask = 2147483647;
			files = (
				B86B4478AED6CD910587DB70 /* Pods_TumblrUITests.framework in Frameworks */,
			);
			runOnlyForDeploymentPostprocessing = 0;
		};
/* End PBXFrameworksBuildPhase section */

/* Begin PBXGroup section */
		392F78BF5A85F2C053E53E15 /* Frameworks */ = {
			isa = PBXGroup;
			children = (
				8B802C6B4C639AE5496168E4 /* Pods_Tumblr.framework */,
				31FA20CC082A5CC25530A423 /* Pods_TumblrTests.framework */,
				2C6C6AD08971E769CEF05DA9 /* Pods_TumblrUITests.framework */,
			);
			name = Frameworks;
			sourceTree = "<group>";
		};
		C29B40C01C6861B17C0B9164 /* Pods */ = {
			isa = PBXGroup;
			children = (
				3BDEC493746FD436E15C5588 /* Pods-Tumblr.debug.xcconfig */,
				4D67195EAEA8C9B33FA57A28 /* Pods-Tumblr.release.xcconfig */,
				FABD6A6A60871C9A8A782DEE /* Pods-TumblrTests.debug.xcconfig */,
				C3146B8F3C8D224673273D23 /* Pods-TumblrTests.release.xcconfig */,
				CE3D798EC20184FB7FB501F2 /* Pods-TumblrUITests.debug.xcconfig */,
				47C385ECA50FAC5B0880D90F /* Pods-TumblrUITests.release.xcconfig */,
			);
			name = Pods;
			sourceTree = "<group>";
		};
		FF5867B62022CB0600847527 = {
			isa = PBXGroup;
			children = (
				FF5867C12022CB0600847527 /* Tumblr */,
				FF5867D62022CB0600847527 /* TumblrTests */,
				FF5867E12022CB0700847527 /* TumblrUITests */,
				FF5867C02022CB0600847527 /* Products */,
				C29B40C01C6861B17C0B9164 /* Pods */,
				392F78BF5A85F2C053E53E15 /* Frameworks */,
			);
			sourceTree = "<group>";
		};
		FF5867C02022CB0600847527 /* Products */ = {
			isa = PBXGroup;
			children = (
				FF5867BF2022CB0600847527 /* Tumblr.app */,
				FF5867D32022CB0600847527 /* TumblrTests.xctest */,
				FF5867DE2022CB0700847527 /* TumblrUITests.xctest */,
			);
			name = Products;
			sourceTree = "<group>";
		};
		FF5867C12022CB0600847527 /* Tumblr */ = {
			isa = PBXGroup;
			children = (
				FF5867F22022CC8800847527 /* PhotosViewController.swift */,
				444E7B7C202C0861005131A6 /* PhotoDetailsViewController.swift */,
				FF5867F42022D14600847527 /* PhotoCell.swift */,
				FF5867C22022CB0600847527 /* AppDelegate.swift */,
				FF5867C62022CB0600847527 /* Main.storyboard */,
				FF5867C92022CB0600847527 /* Assets.xcassets */,
				FF5867CB2022CB0600847527 /* LaunchScreen.storyboard */,
				FF5867CE2022CB0600847527 /* Info.plist */,
			);
			path = Tumblr;
			sourceTree = "<group>";
		};
		FF5867D62022CB0600847527 /* TumblrTests */ = {
			isa = PBXGroup;
			children = (
				FF5867D72022CB0600847527 /* TumblrTests.swift */,
				FF5867D92022CB0600847527 /* Info.plist */,
			);
			path = TumblrTests;
			sourceTree = "<group>";
		};
		FF5867E12022CB0700847527 /* TumblrUITests */ = {
			isa = PBXGroup;
			children = (
				FF5867E22022CB0700847527 /* TumblrUITests.swift */,
				FF5867E42022CB0700847527 /* Info.plist */,
			);
			path = TumblrUITests;
			sourceTree = "<group>";
		};
/* End PBXGroup section */

/* Begin PBXNativeTarget section */
		FF5867BE2022CB0600847527 /* Tumblr */ = {
			isa = PBXNativeTarget;
			buildConfigurationList = FF5867E72022CB0700847527 /* Build configuration list for PBXNativeTarget "Tumblr" */;
			buildPhases = (
				1BB5F70D766708A3F8715C97 /* [CP] Check Pods Manifest.lock */,
				FF5867BB2022CB0600847527 /* Sources */,
				FF5867BC2022CB0600847527 /* Frameworks */,
				FF5867BD2022CB0600847527 /* Resources */,
				905A89DE70AE84ECA3FBD1F0 /* [CP] Embed Pods Frameworks */,
				1088E98A876570FC2098BC2E /* [CP] Copy Pods Resources */,
			);
			buildRules = (
			);
			dependencies = (
			);
			name = Tumblr;
			productName = Tumblr;
			productReference = FF5867BF2022CB0600847527 /* Tumblr.app */;
			productType = "com.apple.product-type.application";
		};
		FF5867D22022CB0600847527 /* TumblrTests */ = {
			isa = PBXNativeTarget;
			buildConfigurationList = FF5867EA2022CB0700847527 /* Build configuration list for PBXNativeTarget "TumblrTests" */;
			buildPhases = (
				F244FE49E3ED2ED60B3F69A8 /* [CP] Check Pods Manifest.lock */,
				FF5867CF2022CB0600847527 /* Sources */,
				FF5867D02022CB0600847527 /* Frameworks */,
				FF5867D12022CB0600847527 /* Resources */,
				0DB7E50AC78693A57813B14C /* [CP] Embed Pods Frameworks */,
				03805C304D0459C53A84AEDB /* [CP] Copy Pods Resources */,
			);
			buildRules = (
			);
			dependencies = (
				FF5867D52022CB0600847527 /* PBXTargetDependency */,
			);
			name = TumblrTests;
			productName = TumblrTests;
			productReference = FF5867D32022CB0600847527 /* TumblrTests.xctest */;
			productType = "com.apple.product-type.bundle.unit-test";
		};
		FF5867DD2022CB0700847527 /* TumblrUITests */ = {
			isa = PBXNativeTarget;
			buildConfigurationList = FF5867ED2022CB0700847527 /* Build configuration list for PBXNativeTarget "TumblrUITests" */;
			buildPhases = (
				B1466119D4D14AFC472E734D /* [CP] Check Pods Manifest.lock */,
				FF5867DA2022CB0700847527 /* Sources */,
				FF5867DB2022CB0700847527 /* Frameworks */,
				FF5867DC2022CB0700847527 /* Resources */,
				F788BDC750C173BAA9AF8DBA /* [CP] Embed Pods Frameworks */,
				22D05B350A9A315F167C27FB /* [CP] Copy Pods Resources */,
			);
			buildRules = (
			);
			dependencies = (
				FF5867E02022CB0700847527 /* PBXTargetDependency */,
			);
			name = TumblrUITests;
			productName = TumblrUITests;
			productReference = FF5867DE2022CB0700847527 /* TumblrUITests.xctest */;
			productType = "com.apple.product-type.bundle.ui-testing";
		};
/* End PBXNativeTarget section */

/* Begin PBXProject section */
		FF5867B72022CB0600847527 /* Project object */ = {
			isa = PBXProject;
			attributes = {
				LastSwiftUpdateCheck = 0920;
				LastUpgradeCheck = 0920;
				ORGANIZATIONNAME = "Melissa Phuong Nguyen";
				TargetAttributes = {
					FF5867BE2022CB0600847527 = {
						CreatedOnToolsVersion = 9.2;
						ProvisioningStyle = Automatic;
					};
					FF5867D22022CB0600847527 = {
						CreatedOnToolsVersion = 9.2;
						ProvisioningStyle = Automatic;
						TestTargetID = FF5867BE2022CB0600847527;
					};
					FF5867DD2022CB0700847527 = {
						CreatedOnToolsVersion = 9.2;
						ProvisioningStyle = Automatic;
						TestTargetID = FF5867BE2022CB0600847527;
					};
				};
			};
			buildConfigurationList = FF5867BA2022CB0600847527 /* Build configuration list for PBXProject "Tumblr" */;
			compatibilityVersion = "Xcode 8.0";
			developmentRegion = en;
			hasScannedForEncodings = 0;
			knownRegions = (
				en,
				Base,
			);
			mainGroup = FF5867B62022CB0600847527;
			productRefGroup = FF5867C02022CB0600847527 /* Products */;
			projectDirPath = "";
			projectRoot = "";
			targets = (
				FF5867BE2022CB0600847527 /* Tumblr */,
				FF5867D22022CB0600847527 /* TumblrTests */,
				FF5867DD2022CB0700847527 /* TumblrUITests */,
			);
		};
/* End PBXProject section */

/* Begin PBXResourcesBuildPhase section */
		FF5867BD2022CB0600847527 /* Resources */ = {
			isa = PBXResourcesBuildPhase;
			buildActionMask = 2147483647;
			files = (
				FF5867CD2022CB0600847527 /* LaunchScreen.storyboard in Resources */,
				FF5867CA2022CB0600847527 /* Assets.xcassets in Resources */,
				FF5867C82022CB0600847527 /* Main.storyboard in Resources */,
			);
			runOnlyForDeploymentPostprocessing = 0;
		};
		FF5867D12022CB0600847527 /* Resources */ = {
			isa = PBXResourcesBuildPhase;
			buildActionMask = 2147483647;
			files = (
			);
			runOnlyForDeploymentPostprocessing = 0;
		};
		FF5867DC2022CB0700847527 /* Resources */ = {
			isa = PBXResourcesBuildPhase;
			buildActionMask = 2147483647;
			files = (
			);
			runOnlyForDeploymentPostprocessing = 0;
		};
/* End PBXResourcesBuildPhase section */

/* Begin PBXShellScriptBuildPhase section */
		03805C304D0459C53A84AEDB /* [CP] Copy Pods Resources */ = {
			isa = PBXShellScriptBuildPhase;
			buildActionMask = 2147483647;
			files = (
			);
			inputPaths = (
			);
			name = "[CP] Copy Pods Resources";
			outputPaths = (
			);
			runOnlyForDeploymentPostprocessing = 0;
			shellPath = /bin/sh;
			shellScript = "\"${SRCROOT}/Pods/Target Support Files/Pods-TumblrTests/Pods-TumblrTests-resources.sh\"\n";
			showEnvVarsInLog = 0;
		};
		0DB7E50AC78693A57813B14C /* [CP] Embed Pods Frameworks */ = {
			isa = PBXShellScriptBuildPhase;
			buildActionMask = 2147483647;
			files = (
			);
			inputPaths = (
			);
			name = "[CP] Embed Pods Frameworks";
			outputPaths = (
			);
			runOnlyForDeploymentPostprocessing = 0;
			shellPath = /bin/sh;
			shellScript = "\"${SRCROOT}/Pods/Target Support Files/Pods-TumblrTests/Pods-TumblrTests-frameworks.sh\"\n";
			showEnvVarsInLog = 0;
		};
		1088E98A876570FC2098BC2E /* [CP] Copy Pods Resources */ = {
			isa = PBXShellScriptBuildPhase;
			buildActionMask = 2147483647;
			files = (
			);
			inputPaths = (
			);
			name = "[CP] Copy Pods Resources";
			outputPaths = (
			);
			runOnlyForDeploymentPostprocessing = 0;
			shellPath = /bin/sh;
			shellScript = "\"${SRCROOT}/Pods/Target Support Files/Pods-Tumblr/Pods-Tumblr-resources.sh\"\n";
			showEnvVarsInLog = 0;
		};
		1BB5F70D766708A3F8715C97 /* [CP] Check Pods Manifest.lock */ = {
			isa = PBXShellScriptBuildPhase;
			buildActionMask = 2147483647;
			files = (
			);
			inputPaths = (
				"${PODS_PODFILE_DIR_PATH}/Podfile.lock",
				"${PODS_ROOT}/Manifest.lock",
			);
			name = "[CP] Check Pods Manifest.lock";
			outputPaths = (
				"$(DERIVED_FILE_DIR)/Pods-Tumblr-checkManifestLockResult.txt",
			);
			runOnlyForDeploymentPostprocessing = 0;
			shellPath = /bin/sh;
			shellScript = "diff \"${PODS_PODFILE_DIR_PATH}/Podfile.lock\" \"${PODS_ROOT}/Manifest.lock\" > /dev/null\nif [ $? != 0 ] ; then\n    # print error to STDERR\n    echo \"error: The sandbox is not in sync with the Podfile.lock. Run 'pod install' or update your CocoaPods installation.\" >&2\n    exit 1\nfi\n# This output is used by Xcode 'outputs' to avoid re-running this script phase.\necho \"SUCCESS\" > \"${SCRIPT_OUTPUT_FILE_0}\"\n";
			showEnvVarsInLog = 0;
		};
		22D05B350A9A315F167C27FB /* [CP] Copy Pods Resources */ = {
			isa = PBXShellScriptBuildPhase;
			buildActionMask = 2147483647;
			files = (
			);
			inputPaths = (
			);
			name = "[CP] Copy Pods Resources";
			outputPaths = (
			);
			runOnlyForDeploymentPostprocessing = 0;
			shellPath = /bin/sh;
			shellScript = "\"${SRCROOT}/Pods/Target Support Files/Pods-TumblrUITests/Pods-TumblrUITests-resources.sh\"\n";
			showEnvVarsInLog = 0;
		};
		905A89DE70AE84ECA3FBD1F0 /* [CP] Embed Pods Frameworks */ = {
			isa = PBXShellScriptBuildPhase;
			buildActionMask = 2147483647;
			files = (
			);
			inputPaths = (
				"${SRCROOT}/Pods/Target Support Files/Pods-Tumblr/Pods-Tumblr-frameworks.sh",
				"${BUILT_PRODUCTS_DIR}/Alamofire/Alamofire.framework",
				"${BUILT_PRODUCTS_DIR}/AlamofireImage/AlamofireImage.framework",
			);
			name = "[CP] Embed Pods Frameworks";
			outputPaths = (
				"${TARGET_BUILD_DIR}/${FRAMEWORKS_FOLDER_PATH}/Alamofire.framework",
				"${TARGET_BUILD_DIR}/${FRAMEWORKS_FOLDER_PATH}/AlamofireImage.framework",
			);
			runOnlyForDeploymentPostprocessing = 0;
			shellPath = /bin/sh;
			shellScript = "\"${SRCROOT}/Pods/Target Support Files/Pods-Tumblr/Pods-Tumblr-frameworks.sh\"\n";
			showEnvVarsInLog = 0;
		};
		B1466119D4D14AFC472E734D /* [CP] Check Pods Manifest.lock */ = {
			isa = PBXShellScriptBuildPhase;
			buildActionMask = 2147483647;
			files = (
			);
			inputPaths = (
				"${PODS_PODFILE_DIR_PATH}/Podfile.lock",
				"${PODS_ROOT}/Manifest.lock",
			);
			name = "[CP] Check Pods Manifest.lock";
			outputPaths = (
				"$(DERIVED_FILE_DIR)/Pods-TumblrUITests-checkManifestLockResult.txt",
			);
			runOnlyForDeploymentPostprocessing = 0;
			shellPath = /bin/sh;
			shellScript = "diff \"${PODS_PODFILE_DIR_PATH}/Podfile.lock\" \"${PODS_ROOT}/Manifest.lock\" > /dev/null\nif [ $? != 0 ] ; then\n    # print error to STDERR\n    echo \"error: The sandbox is not in sync with the Podfile.lock. Run 'pod install' or update your CocoaPods installation.\" >&2\n    exit 1\nfi\n# This output is used by Xcode 'outputs' to avoid re-running this script phase.\necho \"SUCCESS\" > \"${SCRIPT_OUTPUT_FILE_0}\"\n";
			showEnvVarsInLog = 0;
		};
		F244FE49E3ED2ED60B3F69A8 /* [CP] Check Pods Manifest.lock */ = {
			isa = PBXShellScriptBuildPhase;
			buildActionMask = 2147483647;
			files = (
			);
			inputPaths = (
				"${PODS_PODFILE_DIR_PATH}/Podfile.lock",
				"${PODS_ROOT}/Manifest.lock",
			);
			name = "[CP] Check Pods Manifest.lock";
			outputPaths = (
				"$(DERIVED_FILE_DIR)/Pods-TumblrTests-checkManifestLockResult.txt",
			);
			runOnlyForDeploymentPostprocessing = 0;
			shellPath = /bin/sh;
			shellScript = "diff \"${PODS_PODFILE_DIR_PATH}/Podfile.lock\" \"${PODS_ROOT}/Manifest.lock\" > /dev/null\nif [ $? != 0 ] ; then\n    # print error to STDERR\n    echo \"error: The sandbox is not in sync with the Podfile.lock. Run 'pod install' or update your CocoaPods installation.\" >&2\n    exit 1\nfi\n# This output is used by Xcode 'outputs' to avoid re-running this script phase.\necho \"SUCCESS\" > \"${SCRIPT_OUTPUT_FILE_0}\"\n";
			showEnvVarsInLog = 0;
		};
		F788BDC750C173BAA9AF8DBA /* [CP] Embed Pods Frameworks */ = {
			isa = PBXShellScriptBuildPhase;
			buildActionMask = 2147483647;
			files = (
			);
			inputPaths = (
			);
			name = "[CP] Embed Pods Frameworks";
			outputPaths = (
			);
			runOnlyForDeploymentPostprocessing = 0;
			shellPath = /bin/sh;
			shellScript = "\"${SRCROOT}/Pods/Target Support Files/Pods-TumblrUITests/Pods-TumblrUITests-frameworks.sh\"\n";
			showEnvVarsInLog = 0;
		};
/* End PBXShellScriptBuildPhase section */

/* Begin PBXSourcesBuildPhase section */
		FF5867BB2022CB0600847527 /* Sources */ = {
			isa = PBXSourcesBuildPhase;
			buildActionMask = 2147483647;
			files = (
				444E7B7D202C0861005131A6 /* PhotoDetailsViewController.swift in Sources */,
				FF5867C32022CB0600847527 /* AppDelegate.swift in Sources */,
				FF5867F52022D14600847527 /* PhotoCell.swift in Sources */,
				FF5867F32022CC8800847527 /* PhotosViewController.swift in Sources */,
			);
			runOnlyForDeploymentPostprocessing = 0;
		};
		FF5867CF2022CB0600847527 /* Sources */ = {
			isa = PBXSourcesBuildPhase;
			buildActionMask = 2147483647;
			files = (
				FF5867D82022CB0600847527 /* TumblrTests.swift in Sources */,
			);
			runOnlyForDeploymentPostprocessing = 0;
		};
		FF5867DA2022CB0700847527 /* Sources */ = {
			isa = PBXSourcesBuildPhase;
			buildActionMask = 2147483647;
			files = (
				FF5867E32022CB0700847527 /* TumblrUITests.swift in Sources */,
			);
			runOnlyForDeploymentPostprocessing = 0;
		};
/* End PBXSourcesBuildPhase section */

/* Begin PBXTargetDependency section */
		FF5867D52022CB0600847527 /* PBXTargetDependency */ = {
			isa = PBXTargetDependency;
			target = FF5867BE2022CB0600847527 /* Tumblr */;
			targetProxy = FF5867D42022CB0600847527 /* PBXContainerItemProxy */;
		};
		FF5867E02022CB0700847527 /* PBXTargetDependency */ = {
			isa = PBXTargetDependency;
			target = FF5867BE2022CB0600847527 /* Tumblr */;
			targetProxy = FF5867DF2022CB0700847527 /* PBXContainerItemProxy */;
		};
/* End PBXTargetDependency section */

/* Begin PBXVariantGroup section */
		FF5867C62022CB0600847527 /* Main.storyboard */ = {
			isa = PBXVariantGroup;
			children = (
				FF5867C72022CB0600847527 /* Base */,
			);
			name = Main.storyboard;
			sourceTree = "<group>";
		};
		FF5867CB2022CB0600847527 /* LaunchScreen.storyboard */ = {
			isa = PBXVariantGroup;
			children = (
				FF5867CC2022CB0600847527 /* Base */,
			);
			name = LaunchScreen.storyboard;
			sourceTree = "<group>";
		};
/* End PBXVariantGroup section */

/* Begin XCBuildConfiguration section */
		FF5867E52022CB0700847527 /* Debug */ = {
			isa = XCBuildConfiguration;
			buildSettings = {
				ALWAYS_SEARCH_USER_PATHS = NO;
				CLANG_ANALYZER_NONNULL = YES;
				CLANG_ANALYZER_NUMBER_OBJECT_CONVERSION = YES_AGGRESSIVE;
				CLANG_CXX_LANGUAGE_STANDARD = "gnu++14";
				CLANG_CXX_LIBRARY = "libc++";
				CLANG_ENABLE_MODULES = YES;
				CLANG_ENABLE_OBJC_ARC = YES;
				CLANG_WARN_BLOCK_CAPTURE_AUTORELEASING = YES;
				CLANG_WARN_BOOL_CONVERSION = YES;
				CLANG_WARN_COMMA = YES;
				CLANG_WARN_CONSTANT_CONVERSION = YES;
				CLANG_WARN_DIRECT_OBJC_ISA_USAGE = YES_ERROR;
				CLANG_WARN_DOCUMENTATION_COMMENTS = YES;
				CLANG_WARN_EMPTY_BODY = YES;
				CLANG_WARN_ENUM_CONVERSION = YES;
				CLANG_WARN_INFINITE_RECURSION = YES;
				CLANG_WARN_INT_CONVERSION = YES;
				CLANG_WARN_NON_LITERAL_NULL_CONVERSION = YES;
				CLANG_WARN_OBJC_LITERAL_CONVERSION = YES;
				CLANG_WARN_OBJC_ROOT_CLASS = YES_ERROR;
				CLANG_WARN_RANGE_LOOP_ANALYSIS = YES;
				CLANG_WARN_STRICT_PROTOTYPES = YES;
				CLANG_WARN_SUSPICIOUS_MOVE = YES;
				CLANG_WARN_UNGUARDED_AVAILABILITY = YES_AGGRESSIVE;
				CLANG_WARN_UNREACHABLE_CODE = YES;
				CLANG_WARN__DUPLICATE_METHOD_MATCH = YES;
				CODE_SIGN_IDENTITY = "iPhone Developer";
				COPY_PHASE_STRIP = NO;
				DEBUG_INFORMATION_FORMAT = dwarf;
				ENABLE_STRICT_OBJC_MSGSEND = YES;
				ENABLE_TESTABILITY = YES;
				GCC_C_LANGUAGE_STANDARD = gnu11;
				GCC_DYNAMIC_NO_PIC = NO;
				GCC_NO_COMMON_BLOCKS = YES;
				GCC_OPTIMIZATION_LEVEL = 0;
				GCC_PREPROCESSOR_DEFINITIONS = (
					"DEBUG=1",
					"$(inherited)",
				);
				GCC_WARN_64_TO_32_BIT_CONVERSION = YES;
				GCC_WARN_ABOUT_RETURN_TYPE = YES_ERROR;
				GCC_WARN_UNDECLARED_SELECTOR = YES;
				GCC_WARN_UNINITIALIZED_AUTOS = YES_AGGRESSIVE;
				GCC_WARN_UNUSED_FUNCTION = YES;
				GCC_WARN_UNUSED_VARIABLE = YES;
				IPHONEOS_DEPLOYMENT_TARGET = 11.2;
				MTL_ENABLE_DEBUG_INFO = YES;
				ONLY_ACTIVE_ARCH = YES;
				SDKROOT = iphoneos;
				SWIFT_ACTIVE_COMPILATION_CONDITIONS = DEBUG;
				SWIFT_OPTIMIZATION_LEVEL = "-Onone";
			};
			name = Debug;
		};
		FF5867E62022CB0700847527 /* Release */ = {
			isa = XCBuildConfiguration;
			buildSettings = {
				ALWAYS_SEARCH_USER_PATHS = NO;
				CLANG_ANALYZER_NONNULL = YES;
				CLANG_ANALYZER_NUMBER_OBJECT_CONVERSION = YES_AGGRESSIVE;
				CLANG_CXX_LANGUAGE_STANDARD = "gnu++14";
				CLANG_CXX_LIBRARY = "libc++";
				CLANG_ENABLE_MODULES = YES;
				CLANG_ENABLE_OBJC_ARC = YES;
				CLANG_WARN_BLOCK_CAPTURE_AUTORELEASING = YES;
				CLANG_WARN_BOOL_CONVERSION = YES;
				CLANG_WARN_COMMA = YES;
				CLANG_WARN_CONSTANT_CONVERSION = YES;
				CLANG_WARN_DIRECT_OBJC_ISA_USAGE = YES_ERROR;
				CLANG_WARN_DOCUMENTATION_COMMENTS = YES;
				CLANG_WARN_EMPTY_BODY = YES;
				CLANG_WARN_ENUM_CONVERSION = YES;
				CLANG_WARN_INFINITE_RECURSION = YES;
				CLANG_WARN_INT_CONVERSION = YES;
				CLANG_WARN_NON_LITERAL_NULL_CONVERSION = YES;
				CLANG_WARN_OBJC_LITERAL_CONVERSION = YES;
				CLANG_WARN_OBJC_ROOT_CLASS = YES_ERROR;
				CLANG_WARN_RANGE_LOOP_ANALYSIS = YES;
				CLANG_WARN_STRICT_PROTOTYPES = YES;
				CLANG_WARN_SUSPICIOUS_MOVE = YES;
				CLANG_WARN_UNGUARDED_AVAILABILITY = YES_AGGRESSIVE;
				CLANG_WARN_UNREACHABLE_CODE = YES;
				CLANG_WARN__DUPLICATE_METHOD_MATCH = YES;
				CODE_SIGN_IDENTITY = "iPhone Developer";
				COPY_PHASE_STRIP = NO;
				DEBUG_INFORMATION_FORMAT = "dwarf-with-dsym";
				ENABLE_NS_ASSERTIONS = NO;
				ENABLE_STRICT_OBJC_MSGSEND = YES;
				GCC_C_LANGUAGE_STANDARD = gnu11;
				GCC_NO_COMMON_BLOCKS = YES;
				GCC_WARN_64_TO_32_BIT_CONVERSION = YES;
				GCC_WARN_ABOUT_RETURN_TYPE = YES_ERROR;
				GCC_WARN_UNDECLARED_SELECTOR = YES;
				GCC_WARN_UNINITIALIZED_AUTOS = YES_AGGRESSIVE;
				GCC_WARN_UNUSED_FUNCTION = YES;
				GCC_WARN_UNUSED_VARIABLE = YES;
				IPHONEOS_DEPLOYMENT_TARGET = 11.2;
				MTL_ENABLE_DEBUG_INFO = NO;
				SDKROOT = iphoneos;
				SWIFT_OPTIMIZATION_LEVEL = "-Owholemodule";
				VALIDATE_PRODUCT = YES;
			};
			name = Release;
		};
		FF5867E82022CB0700847527 /* Debug */ = {
			isa = XCBuildConfiguration;
			baseConfigurationReference = 3BDEC493746FD436E15C5588 /* Pods-Tumblr.debug.xcconfig */;
			buildSettings = {
				ASSETCATALOG_COMPILER_APPICON_NAME = AppIcon;
				CODE_SIGN_STYLE = Automatic;
				INFOPLIST_FILE = Tumblr/Info.plist;
				LD_RUNPATH_SEARCH_PATHS = "$(inherited) @executable_path/Frameworks";
				PRODUCT_BUNDLE_IDENTIFIER = com.melissanguyen.Tumblr;
				PRODUCT_NAME = "$(TARGET_NAME)";
				SWIFT_VERSION = 4.0;
				TARGETED_DEVICE_FAMILY = "1,2";
			};
			name = Debug;
		};
		FF5867E92022CB0700847527 /* Release */ = {
			isa = XCBuildConfiguration;
			baseConfigurationReference = 4D67195EAEA8C9B33FA57A28 /* Pods-Tumblr.release.xcconfig */;
			buildSettings = {
				ASSETCATALOG_COMPILER_APPICON_NAME = AppIcon;
				CODE_SIGN_STYLE = Automatic;
				INFOPLIST_FILE = Tumblr/Info.plist;
				LD_RUNPATH_SEARCH_PATHS = "$(inherited) @executable_path/Frameworks";
				PRODUCT_BUNDLE_IDENTIFIER = com.melissanguyen.Tumblr;
				PRODUCT_NAME = "$(TARGET_NAME)";
				SWIFT_VERSION = 4.0;
				TARGETED_DEVICE_FAMILY = "1,2";
			};
			name = Release;
		};
		FF5867EB2022CB0700847527 /* Debug */ = {
			isa = XCBuildConfiguration;
			baseConfigurationReference = FABD6A6A60871C9A8A782DEE /* Pods-TumblrTests.debug.xcconfig */;
			buildSettings = {
				ALWAYS_EMBED_SWIFT_STANDARD_LIBRARIES = YES;
				BUNDLE_LOADER = "$(TEST_HOST)";
				CODE_SIGN_STYLE = Automatic;
				INFOPLIST_FILE = TumblrTests/Info.plist;
				LD_RUNPATH_SEARCH_PATHS = "$(inherited) @executable_path/Frameworks @loader_path/Frameworks";
				PRODUCT_BUNDLE_IDENTIFIER = com.melissanguyen.TumblrTests;
				PRODUCT_NAME = "$(TARGET_NAME)";
				SWIFT_VERSION = 4.0;
				TARGETED_DEVICE_FAMILY = "1,2";
				TEST_HOST = "$(BUILT_PRODUCTS_DIR)/Tumblr.app/Tumblr";
			};
			name = Debug;
		};
		FF5867EC2022CB0700847527 /* Release */ = {
			isa = XCBuildConfiguration;
			baseConfigurationReference = C3146B8F3C8D224673273D23 /* Pods-TumblrTests.release.xcconfig */;
			buildSettings = {
				ALWAYS_EMBED_SWIFT_STANDARD_LIBRARIES = YES;
				BUNDLE_LOADER = "$(TEST_HOST)";
				CODE_SIGN_STYLE = Automatic;
				INFOPLIST_FILE = TumblrTests/Info.plist;
				LD_RUNPATH_SEARCH_PATHS = "$(inherited) @executable_path/Frameworks @loader_path/Frameworks";
				PRODUCT_BUNDLE_IDENTIFIER = com.melissanguyen.TumblrTests;
				PRODUCT_NAME = "$(TARGET_NAME)";
				SWIFT_VERSION = 4.0;
				TARGETED_DEVICE_FAMILY = "1,2";
				TEST_HOST = "$(BUILT_PRODUCTS_DIR)/Tumblr.app/Tumblr";
			};
			name = Release;
		};
		FF5867EE2022CB0700847527 /* Debug */ = {
			isa = XCBuildConfiguration;
			baseConfigurationReference = CE3D798EC20184FB7FB501F2 /* Pods-TumblrUITests.debug.xcconfig */;
			buildSettings = {
				ALWAYS_EMBED_SWIFT_STANDARD_LIBRARIES = YES;
				CODE_SIGN_STYLE = Automatic;
				INFOPLIST_FILE = TumblrUITests/Info.plist;
				LD_RUNPATH_SEARCH_PATHS = "$(inherited) @executable_path/Frameworks @loader_path/Frameworks";
				PRODUCT_BUNDLE_IDENTIFIER = com.melissanguyen.TumblrUITests;
				PRODUCT_NAME = "$(TARGET_NAME)";
				SWIFT_VERSION = 4.0;
				TARGETED_DEVICE_FAMILY = "1,2";
				TEST_TARGET_NAME = Tumblr;
			};
			name = Debug;
		};
		FF5867EF2022CB0700847527 /* Release */ = {
			isa = XCBuildConfiguration;
			baseConfigurationReference = 47C385ECA50FAC5B0880D90F /* Pods-TumblrUITests.release.xcconfig */;
			buildSettings = {
				ALWAYS_EMBED_SWIFT_STANDARD_LIBRARIES = YES;
				CODE_SIGN_STYLE = Automatic;
				INFOPLIST_FILE = TumblrUITests/Info.plist;
				LD_RUNPATH_SEARCH_PATHS = "$(inherited) @executable_path/Frameworks @loader_path/Frameworks";
				PRODUCT_BUNDLE_IDENTIFIER = com.melissanguyen.TumblrUITests;
				PRODUCT_NAME = "$(TARGET_NAME)";
				SWIFT_VERSION = 4.0;
				TARGETED_DEVICE_FAMILY = "1,2";
				TEST_TARGET_NAME = Tumblr;
			};
			name = Release;
		};
/* End XCBuildConfiguration section */

/* Begin XCConfigurationList section */
		FF5867BA2022CB0600847527 /* Build configuration list for PBXProject "Tumblr" */ = {
			isa = XCConfigurationList;
			buildConfigurations = (
				FF5867E52022CB0700847527 /* Debug */,
				FF5867E62022CB0700847527 /* Release */,
			);
			defaultConfigurationIsVisible = 0;
			defaultConfigurationName = Release;
		};
		FF5867E72022CB0700847527 /* Build configuration list for PBXNativeTarget "Tumblr" */ = {
			isa = XCConfigurationList;
			buildConfigurations = (
				FF5867E82022CB0700847527 /* Debug */,
				FF5867E92022CB0700847527 /* Release */,
			);
			defaultConfigurationIsVisible = 0;
			defaultConfigurationName = Release;
		};
		FF5867EA2022CB0700847527 /* Build configuration list for PBXNativeTarget "TumblrTests" */ = {
			isa = XCConfigurationList;
			buildConfigurations = (
				FF5867EB2022CB0700847527 /* Debug */,
				FF5867EC2022CB0700847527 /* Release */,
			);
			defaultConfigurationIsVisible = 0;
			defaultConfigurationName = Release;
		};
		FF5867ED2022CB0700847527 /* Build configuration list for PBXNativeTarget "TumblrUITests" */ = {
			isa = XCConfigurationList;
			buildConfigurations = (
				FF5867EE2022CB0700847527 /* Debug */,
				FF5867EF2022CB0700847527 /* Release */,
			);
			defaultConfigurationIsVisible = 0;
			defaultConfigurationName = Release;
		};
/* End XCConfigurationList section */
	};
	rootObject = FF5867B72022CB0600847527 /* Project object */;
}
